
Microsoft Visual Studio Solution File, Format Version 12.00
# Visual Studio 15
Project("{FAE04EC0-301F-11D3-BF4B-00C04F79EFBC}") = "Assembly-CSharp", "Assembly-CSharp.csproj", "{BF3AAC26-A734-32A8-4E69-00FC694D24C5}"
EndProject
Project("{FAE04EC0-301F-11D3-BF4B-00C04F79EFBC}") = "Assembly-CSharp-Editor", "Assembly-CSharp-Editor.csproj", "{B838B965-7233-B73F-F59F-8515ECB6746E}"
EndProject
Global
	GlobalSection(SolutionConfigurationPlatforms) = preSolution
		Debug|Any CPU = Debug|Any CPU
		Release|Any CPU = Release|Any CPU
	EndGlobalSection
	GlobalSection(ProjectConfigurationPlatforms) = postSolution
		{BF3AAC26-A734-32A8-4E69-00FC694D24C5}.Debug|Any CPU.ActiveCfg = Debug|Any CPU
		{BF3AAC26-A734-32A8-4E69-00FC694D24C5}.Debug|Any CPU.Build.0 = Debug|Any CPU
		{BF3AAC26-A734-32A8-4E69-00FC694D24C5}.Release|Any CPU.ActiveCfg = Release|Any CPU
		{BF3AAC26-A734-32A8-4E69-00FC694D24C5}.Release|Any CPU.Build.0 = Release|Any CPU
		{B838B965-7233-B73F-F59F-8515ECB6746E}.Debug|Any CPU.ActiveCfg = Debug|Any CPU
		{B838B965-7233-B73F-F59F-8515ECB6746E}.Debug|Any CPU.Build.0 = Debug|Any CPU
		{B838B965-7233-B73F-F59F-8515ECB6746E}.Release|Any CPU.ActiveCfg = Release|Any CPU
		{B838B965-7233-B73F-F59F-8515ECB6746E}.Release|Any CPU.Build.0 = Release|Any CPU
	EndGlobalSection
	GlobalSection(SolutionProperties) = preSolution
		HideSolutionNode = FALSE
	EndGlobalSection
	GlobalSection(MonoDevelopProperties) = preSolution
		StartupItem = Assembly-CSharp.csproj
	EndGlobalSection
EndGlobal
